hash: 348545a54c8afd041904a499afb1bbadd926df55cead10fdfdfc53e65b1c4666
updated: 2017-01-29T21:47:17.191182575+01:00
imports:
- name: github.com/disintegration/gift
  version: d3ddfc5a842d1ea44cd90bf4e62fb8f16bb168d6
- name: github.com/golang/freetype
  version: d9be45aaf7452cc30c0ceb1b1bf7efe1d17b7c87
  subpackages:
  - raster
  - truetype
- name: github.com/jmoiron/sqlx
  version: 05b81a7d5d38058e42148dc01f17daf4acba4640
- name: github.com/julienschmidt/httprouter
  version: 8c199fb6259ffc1af525cc3ad52ee60ba8359669
- name: github.com/lib/pq
  version: d8eeeb8bae8896dd8e1b7e514ab0d396c4f12a1b
- name: github.com/lucasb-eyer/go-colorful
  version: 9c2852a141bf4711e4276f8f119c90d0f20a556c
- name: github.com/pkg/errors
  version: 645ef00459ed84a119197bfb8d8205042c6df63d
- name: github.com/Sirupsen/logrus
  version: d26492970760ca5d33129d2d799e34be5c4782eb
- name: github.com/unrolled/render
  version: 50716a0a853771bb36bfce61a45cdefdb98c2e6e
- name: golang.org/x/image
  version: 83686c547965220f8b5d75e83ddc67d73420a89f
  subpackages:
  - font
  - math/fixed
- name: golang.org/x/sys
  version: 8f0908ab3b2457e2e15403d3697c9ef5cb4b57a9
  subpackages:
  - unix
testImports: []
